<Solution>
  <Folder Name="/01_Calculator.Tests/">
    <Project Path="01_Calculator.Tests/Calculator.Tests.csproj" />
  </Folder>
  <Folder Name="/01_Calculator/">
    <Project Path="01_Calculator/Calculator.csproj" />
  </Folder>
  <Folder Name="/02_UnitConverter.Tests/">
    <Project Path="02_UnitConverter.Tests/UnitConverter.Tests.csproj" />
  </Folder>
  <Folder Name="/02_UnitConverter/">
    <Project Path="02_UnitConverter/UnitConverter.csproj" />
  </Folder>
</Solution>
