<Solution>
  <Folder Name="/01_Calculator/">
    <Project Path="01_Calculator/Calculator.csproj" />
    <Project Path="01_Calculator/test/Calculator.Tests.csproj" />
  </Folder>
  <Folder Name="/02_UnitConverter/">
    <Project Path="02_UnitConverter/UnitConverter.csproj" />
    <Project Path="02_UnitConverter/test/UnitConverter.Tests.csproj" />
  </Folder>
  <Folder Name="/03_ToDoList/">
    <Project Path="03_ToDoList/ToDoList.csproj" />
    <Project Path="03_ToDoList/test/ToDoList.Tests.csproj" />
  </Folder>
  <Folder Name="/04_NotepadClone/">
    <Project Path="04_NotepadClone/NotepadClone.csproj" />
    <Project Path="04_NotepadClone/test/NotepadClone.Tests.csproj" />
  </Folder>
  <Folder Name="/05_BmiCalculator/">
    <Project Path="05_BmiCalculator/BmiCalculator.csproj" />
    <Project Path="05_BmiCalculator/test/BmiCalculator.Tests.csproj" />
  </Folder>
  <Folder Name="/06_CountdownTimer/">
    <Project Path="06_CountdownTimer/CountdownTimer.csproj" />
    <Project Path="06_CountdownTimer/test/CountdownTimer.Tests.csproj" />
  </Folder>
  <Folder Name="/07_ColorPalette/">
    <Project Path="07_ColorPalette/ColorPalette.csproj" />
    <Project Path="07_ColorPalette/test/ColorPalette.Tests.csproj" />
  </Folder>
  <Folder Name="/08_RockPaperScissors/">
    <Project Path="08_RockPaperScissors/RockPaperScissors.csproj" />
    <Project Path="08_RockPaperScissors/test/RockPaperScissors.Tests.csproj" />
  </Folder>
  <Folder Name="/09_MiniDictionary/">
    <Project Path="09_MiniDictionary/MiniDictionary.csproj" />
    <Project Path="09_MiniDictionary/test/MiniDictionary.Tests.csproj" />
  </Folder>
  <Folder Name="/10_StickyNotes/">
    <Project Path="10_StickyNotes/StickyNotes.csproj" />
    <Project Path="10_StickyNotes/test/StickyNotes.Tests.csproj" />
  </Folder>
  <Folder Name="/11_HouseholdBudget/">
    <Project Path="11_HouseholdBudget/HouseholdBudget.csproj" />
    <Project Path="11_HouseholdBudget/test/HouseholdBudget.Tests.csproj" />
  </Folder>
  <Folder Name="/12_KanbanTaskManager/">
    <Project Path="12_KanbanTaskManager/KanbanTaskManager.csproj" />
    <Project Path="12_KanbanTaskManager/test/KanbanTaskManager.Tests.csproj" />
  </Folder>
  <Folder Name="/13_WeatherApp/">
    <Project Path="13_WeatherApp/WeatherApp.csproj" />
    <Project Path="13_WeatherApp/test/WeatherApp.Tests.csproj" />
  </Folder>
  <Folder Name="/14_RssReader/">
    <Project Path="14_RssReader/RssReader.csproj" />
    <Project Path="14_RssReader/test/RssReader.Tests.csproj" />
  </Folder>
  <Folder Name="/15_ImageViewer/">
    <Project Path="15_ImageViewer/ImageViewer.csproj" />
    <Project Path="15_ImageViewer/test/ImageViewer.Tests.csproj" />
  </Folder>
  <Folder Name="/16_LocalChatApp/">
    <Project Path="16_LocalChatApp/LocalChatApp.csproj" />
    <Project Path="16_LocalChatApp/test/LocalChatApp.Tests.csproj" />
  </Folder>
  <Folder Name="/17_PasswordManager/">
    <Project Path="17_PasswordManager/PasswordManager.csproj" />
    <Project Path="17_PasswordManager/test/PasswordManager.Tests.csproj" />
  </Folder>
  <Folder Name="/18_ExchangeRateMonitor/">
    <Project Path="18_ExchangeRateMonitor/ExchangeRateMonitor.csproj" />
    <Project Path="18_ExchangeRateMonitor/test/ExchangeRateMonitor.Tests.csproj" />
  </Folder>
  <Folder Name="/19_HabitTracker/">
    <Project Path="19_HabitTracker/HabitTracker.csproj" />
    <Project Path="19_HabitTracker/test/HabitTracker.Tests.csproj" />
  </Folder>
  <Folder Name="/20_MarkdownMemo/">
    <Project Path="20_MarkdownMemo/MarkdownMemo.csproj" />
    <Project Path="20_MarkdownMemo/test/MarkdownMemo.Tests.csproj" />
  </Folder>
  <Folder Name="/21_PaintTool/">
    <Project Path="21_PaintTool/PaintTool.csproj" />
    <Project Path="21_PaintTool/test/PaintTool.Tests.csproj" />
  </Folder>
  <Folder Name="/22_GameOfLife/">
    <Project Path="22_GameOfLife/GameOfLife.csproj" />
    <Project Path="22_GameOfLife/test/GameOfLife.Tests.csproj" />
  </Folder>
  <Folder Name="/23_MazeSolverVisualizer/">
    <Project Path="23_MazeSolverVisualizer/MazeSolverVisualizer.csproj" />
    <Project Path="23_MazeSolverVisualizer/test/MazeSolverVisualizer.Tests.csproj" />
  </Folder>
  <Folder Name="/24_MusicPlayer/">
    <Project Path="24_MusicPlayer/MusicPlayer.csproj" />
    <Project Path="24_MusicPlayer/test/MusicPlayer.Tests.csproj" />
  </Folder>
  <Folder Name="/25_FileOrganizer/">
    <Project Path="25_FileOrganizer/FileOrganizer.csproj" />
    <Project Path="25_FileOrganizer/test/FileOrganizer.Tests.csproj" />
  </Folder>
  <Folder Name="/26_ChartVisualization/">
    <Project Path="26_ChartVisualization/ChartVisualization.csproj" />
    <Project Path="26_ChartVisualization/test/ChartVisualization.Tests.csproj" />
  </Folder>
  <Folder Name="/27_NetworkMonitor/">
    <Project Path="27_NetworkMonitor/NetworkMonitor.csproj" />
    <Project Path="27_NetworkMonitor/test/NetworkMonitor.Tests.csproj" />
  </Folder>
  <Folder Name="/28_PluginNoteApp/">
    <Project Path="28_PluginNoteApp/PluginNoteApp.csproj" />
    <Project Path="28_PluginNoteApp/Contracts/PluginNoteApp.Contracts.csproj" />
    <Project Path="28_PluginNoteApp/Plugins/CharacterCountPlugin/CharacterCountPlugin.csproj" />
    <Project Path="28_PluginNoteApp/test/PluginNoteApp.Tests.csproj" />
  </Folder>
  <Folder Name="/29_MiniCodeEditor/">
    <Project Path="29_MiniCodeEditor/MiniCodeEditor.csproj" />
    <Project Path="29_MiniCodeEditor/test/MiniCodeEditor.Tests.csproj" />
  </Folder>
  <Folder Name="/30_LocalTaskScheduler/">
    <Project Path="30_LocalTaskScheduler/LocalTaskScheduler.csproj" />
    <Project Path="30_LocalTaskScheduler/test/LocalTaskScheduler.Tests.csproj" />
  </Folder>
  <Folder Name="/31_ParallelImageProcessor/">
    <Project Path="31_ParallelImageProcessor/ParallelImageProcessor.csproj" />
    <Project Path="31_ParallelImageProcessor/test/ParallelImageProcessor.Tests.csproj" />
  </Folder>
  <Folder Name="/32_LogStreamAggregator/">
    <Project Path="32_LogStreamAggregator/LogStreamAggregator.csproj" />
    <Project Path="32_LogStreamAggregator/test/LogStreamAggregator.Tests.csproj" />
  </Folder>
  <Folder Name="/33_ContactManager/">
    <Project Path="33_ContactManager/ContactManager.csproj" />
    <Project Path="33_ContactManager/test/ContactManager.Tests.csproj" />
  </Folder>
  <Folder Name="/34_CustomGaugeControl/">
    <Project Path="34_CustomGaugeControl/CustomGaugeControl.csproj" />
    <Project Path="34_CustomGaugeControl/GaugeControlLib/GaugeControlLib.csproj" />
    <Project Path="34_CustomGaugeControl/test/GaugeControlLib.Tests.csproj" />
  </Folder>
  <Folder Name="/35_CustomMarkupExtension/">
    <Project Path="35_CustomMarkupExtension/CustomMarkupExtension.csproj" />
    <Project Path="35_CustomMarkupExtension/test/CustomMarkupExtension.Tests.csproj" />
  </Folder>
  <Folder Name="/36_AnimatedDashboard/">
    <Project Path="36_AnimatedDashboard/AnimatedDashboard.csproj" />
    <Project Path="36_AnimatedDashboard/test/AnimatedDashboard.Tests.csproj" />
  </Folder>
  <Folder Name="/37_Simple3DViewer/">
    <Project Path="37_Simple3DViewer/Simple3DViewer.csproj" />
    <Project Path="37_Simple3DViewer/test/Simple3DViewer.Tests.csproj" />
  </Folder>
  <Folder Name="/38_DragDropFileTagger/">
    <Project Path="38_DragDropFileTagger/DragDropFileTagger.csproj" />
    <Project Path="38_DragDropFileTagger/test/DragDropFileTagger.Tests.csproj" />
  </Folder>
  <Folder Name="/39_VirtualizedLogViewer/">
    <Project Path="39_VirtualizedLogViewer/VirtualizedLogViewer.csproj" />
    <Project Path="39_VirtualizedLogViewer/test/VirtualizedLogViewer.Tests.csproj" />
  </Folder>
  <Folder Name="/40_SystemTrayUtility/">
    <Project Path="40_SystemTrayUtility/SystemTrayUtility.csproj" />
    <Project Path="40_SystemTrayUtility/test/SystemTrayUtility.Tests.csproj" />
  </Folder>
  <Folder Name="/41_GlobalHotkeyLauncher/">
    <Project Path="41_GlobalHotkeyLauncher/GlobalHotkeyLauncher.csproj" />
    <Project Path="41_GlobalHotkeyLauncher/test/GlobalHotkeyLauncher.Tests.csproj" />
  </Folder>
  <Folder Name="/42_AccessibleNoteApp/">
    <Project Path="42_AccessibleNoteApp/AccessibleNoteApp.csproj" />
    <Project Path="42_AccessibleNoteApp/test/AccessibleNoteApp.Tests.csproj" />
  </Folder>
  <Folder Name="/43_SetupWizard/">
    <Project Path="43_SetupWizard/SetupWizard.csproj" />
    <Project Path="43_SetupWizard/test/SetupWizard.Tests.csproj" />
  </Folder>
  <Folder Name="/44_FileTreeExplorer/">
    <Project Path="44_FileTreeExplorer/FileTreeExplorer.csproj" />
    <Project Path="44_FileTreeExplorer/test/FileTreeExplorer.Tests.csproj" />
  </Folder>
  <Folder Name="/45_DataWorkbench/">
    <Project Path="45_DataWorkbench/DataWorkbench.csproj" />
    <Project Path="45_DataWorkbench/test/DataWorkbench.Tests.csproj" />
  </Folder>
</Solution>
