<Solution>
  <Folder Name="/01_Calculator/">
    <Project Path="01_Calculator/Calculator.csproj" />
    <Project Path="01_Calculator/test/Calculator.Tests.csproj" />
  </Folder>
  <Folder Name="/02_UnitConverter/">
    <Project Path="02_UnitConverter/UnitConverter.csproj" />
    <Project Path="02_UnitConverter/test/UnitConverter.Tests.csproj" />
  </Folder>
</Solution>
